// !$*UTF8*$!
{
	archiveVersion = 1;
	classes = {
	};
	objectVersion = 48;
	objects = {

/* Begin PBXBuildFile section */
		120935DC206B038A002BF898 /* FeedVC.swift in Sources */ = {isa = PBXBuildFile; fileRef = 120935DB206B038A002BF898 /* FeedVC.swift */; };
		120BE5E3206939C500D6572D /* GoogleService-Info.plist in Resources */ = {isa = PBXBuildFile; fileRef = 120BE5E2206939C500D6572D /* GoogleService-Info.plist */; };
		1215671B206C4EDD0011FDF9 /* PostCell.swift in Sources */ = {isa = PBXBuildFile; fileRef = 1215671A206C4EDD0011FDF9 /* PostCell.swift */; };
		122AE19B206E91BC0061D3D8 /* Post.swift in Sources */ = {isa = PBXBuildFile; fileRef = 122AE19A206E91BC0061D3D8 /* Post.swift */; };
		1238130F20653CA100CC55F0 /* FencyView.swift in Sources */ = {isa = PBXBuildFile; fileRef = 1238130E20653CA100CC55F0 /* FencyView.swift */; };
		1238131220653CBE00CC55F0 /* Constans.swift in Sources */ = {isa = PBXBuildFile; fileRef = 1238131120653CBE00CC55F0 /* Constans.swift */; };
		123813142065454C00CC55F0 /* RoundButton.swift in Sources */ = {isa = PBXBuildFile; fileRef = 123813132065454C00CC55F0 /* RoundButton.swift */; };
		123813162065497C00CC55F0 /* fencyTextField.swift in Sources */ = {isa = PBXBuildFile; fileRef = 123813152065497C00CC55F0 /* fencyTextField.swift */; };
		1238131820654B3A00CC55F0 /* FencyButton.swift in Sources */ = {isa = PBXBuildFile; fileRef = 1238131720654B3A00CC55F0 /* FencyButton.swift */; };
		1277D6A520630519003692E4 /* AppDelegate.swift in Sources */ = {isa = PBXBuildFile; fileRef = 1277D6A420630519003692E4 /* AppDelegate.swift */; };
		1277D6A720630519003692E4 /* SignInVC.swift in Sources */ = {isa = PBXBuildFile; fileRef = 1277D6A620630519003692E4 /* SignInVC.swift */; };
		1277D6AA20630519003692E4 /* Main.storyboard in Resources */ = {isa = PBXBuildFile; fileRef = 1277D6A820630519003692E4 /* Main.storyboard */; };
		1277D6AC20630519003692E4 /* Assets.xcassets in Resources */ = {isa = PBXBuildFile; fileRef = 1277D6AB20630519003692E4 /* Assets.xcassets */; };
		1277D6AF20630519003692E4 /* LaunchScreen.storyboard in Resources */ = {isa = PBXBuildFile; fileRef = 1277D6AD20630519003692E4 /* LaunchScreen.storyboard */; };
		12D96B63206D4E3F00D45AF9 /* DataServices.swift in Sources */ = {isa = PBXBuildFile; fileRef = 12D96B62206D4E3F00D45AF9 /* DataServices.swift */; };
		12FDBBE7206BEF2500C69680 /* CIrcleView.swift in Sources */ = {isa = PBXBuildFile; fileRef = 12FDBBE6206BEF2500C69680 /* CIrcleView.swift */; };
		2BAF938CB4584B5047741160 /* Pods_SocialApp.framework in Frameworks */ = {isa = PBXBuildFile; fileRef = BAF1233DAEFED57256DD5A56 /* Pods_SocialApp.framework */; };
/* End PBXBuildFile section */

/* Begin PBXFileReference section */
		120935DB206B038A002BF898 /* FeedVC.swift */ = {isa = PBXFileReference; lastKnownFileType = sourcecode.swift; path = FeedVC.swift; sourceTree = "<group>"; };
		120BE5E1206933AE00D6572D /* SocialApp.entitlements */ = {isa = PBXFileReference; lastKnownFileType = text.plist.entitlements; path = SocialApp.entitlements; sourceTree = "<group>"; };
		120BE5E2206939C500D6572D /* GoogleService-Info.plist */ = {isa = PBXFileReference; fileEncoding = 4; lastKnownFileType = text.plist.xml; path = "GoogleService-Info.plist"; sourceTree = "<group>"; };
		1215671A206C4EDD0011FDF9 /* PostCell.swift */ = {isa = PBXFileReference; lastKnownFileType = sourcecode.swift; path = PostCell.swift; sourceTree = "<group>"; };
		122AE19A206E91BC0061D3D8 /* Post.swift */ = {isa = PBXFileReference; lastKnownFileType = sourcecode.swift; path = Post.swift; sourceTree = "<group>"; };
		1238130E20653CA100CC55F0 /* FencyView.swift */ = {isa = PBXFileReference; lastKnownFileType = sourcecode.swift; path = FencyView.swift; sourceTree = "<group>"; };
		1238131120653CBE00CC55F0 /* Constans.swift */ = {isa = PBXFileReference; lastKnownFileType = sourcecode.swift; path = Constans.swift; sourceTree = "<group>"; };
		123813132065454C00CC55F0 /* RoundButton.swift */ = {isa = PBXFileReference; lastKnownFileType = sourcecode.swift; path = RoundButton.swift; sourceTree = "<group>"; };
		123813152065497C00CC55F0 /* fencyTextField.swift */ = {isa = PBXFileReference; lastKnownFileType = sourcecode.swift; path = fencyTextField.swift; sourceTree = "<group>"; };
		1238131720654B3A00CC55F0 /* FencyButton.swift */ = {isa = PBXFileReference; lastKnownFileType = sourcecode.swift; path = FencyButton.swift; sourceTree = "<group>"; };
		1277D6A120630519003692E4 /* SocialApp.app */ = {isa = PBXFileReference; explicitFileType = wrapper.application; includeInIndex = 0; path = SocialApp.app; sourceTree = BUILT_PRODUCTS_DIR; };
		1277D6A420630519003692E4 /* AppDelegate.swift */ = {isa = PBXFileReference; lastKnownFileType = sourcecode.swift; path = AppDelegate.swift; sourceTree = "<group>"; };
		1277D6A620630519003692E4 /* SignInVC.swift */ = {isa = PBXFileReference; lastKnownFileType = sourcecode.swift; path = SignInVC.swift; sourceTree = "<group>"; };
		1277D6A920630519003692E4 /* Base */ = {isa = PBXFileReference; lastKnownFileType = file.storyboard; name = Base; path = Base.lproj/Main.storyboard; sourceTree = "<group>"; };
		1277D6AB20630519003692E4 /* Assets.xcassets */ = {isa = PBXFileReference; lastKnownFileType = folder.assetcatalog; path = Assets.xcassets; sourceTree = "<group>"; };
		1277D6AE20630519003692E4 /* Base */ = {isa = PBXFileReference; lastKnownFileType = file.storyboard; name = Base; path = Base.lproj/LaunchScreen.storyboard; sourceTree = "<group>"; };
		1277D6B020630519003692E4 /* Info.plist */ = {isa = PBXFileReference; lastKnownFileType = text.plist.xml; path = Info.plist; sourceTree = "<group>"; };
		12D96B62206D4E3F00D45AF9 /* DataServices.swift */ = {isa = PBXFileReference; lastKnownFileType = sourcecode.swift; path = DataServices.swift; sourceTree = "<group>"; };
		12FDBBE6206BEF2500C69680 /* CIrcleView.swift */ = {isa = PBXFileReference; lastKnownFileType = sourcecode.swift; path = CIrcleView.swift; sourceTree = "<group>"; };
		3BEAC19806FCDD0E133599A1 /* Pods-SocialApp.release.xcconfig */ = {isa = PBXFileReference; includeInIndex = 1; lastKnownFileType = text.xcconfig; name = "Pods-SocialApp.release.xcconfig"; path = "Pods/Target Support Files/Pods-SocialApp/Pods-SocialApp.release.xcconfig"; sourceTree = "<group>"; };
		A5EA75D4FFE79EDFC20889A1 /* Pods-SocialApp.debug.xcconfig */ = {isa = PBXFileReference; includeInIndex = 1; lastKnownFileType = text.xcconfig; name = "Pods-SocialApp.debug.xcconfig"; path = "Pods/Target Support Files/Pods-SocialApp/Pods-SocialApp.debug.xcconfig"; sourceTree = "<group>"; };
		BAF1233DAEFED57256DD5A56 /* Pods_SocialApp.framework */ = {isa = PBXFileReference; explicitFileType = wrapper.framework; includeInIndex = 0; path = Pods_SocialApp.framework; sourceTree = BUILT_PRODUCTS_DIR; };
/* End PBXFileReference section */

/* Begin PBXFrameworksBuildPhase section */
		1277D69E20630519003692E4 /* Frameworks */ = {
			isa = PBXFrameworksBuildPhase;
			buildActionMask = 2147483647;
			files = (
				2BAF938CB4584B5047741160 /* Pods_SocialApp.framework in Frameworks */,
			);
			runOnlyForDeploymentPostprocessing = 0;
		};
/* End PBXFrameworksBuildPhase section */

/* Begin PBXGroup section */
		1238131020653CA800CC55F0 /* Utillies */ = {
			isa = PBXGroup;
			children = (
				1238131120653CBE00CC55F0 /* Constans.swift */,
			);
			path = Utillies;
			sourceTree = "<group>";
		};
		1277D69820630519003692E4 = {
			isa = PBXGroup;
			children = (
				1277D6A320630519003692E4 /* SocialApp */,
				1277D6A220630519003692E4 /* Products */,
				F7C2D5F61F6C3B860BD93B87 /* Pods */,
				27A657BBBAD8031A46DFCE74 /* Frameworks */,
			);
			sourceTree = "<group>";
		};
		1277D6A220630519003692E4 /* Products */ = {
			isa = PBXGroup;
			children = (
				1277D6A120630519003692E4 /* SocialApp.app */,
			);
			name = Products;
			sourceTree = "<group>";
		};
		1277D6A320630519003692E4 /* SocialApp */ = {
			isa = PBXGroup;
			children = (
				12D96B5F206D4DF300D45AF9 /* Services */,
				120BE5E1206933AE00D6572D /* SocialApp.entitlements */,
				1238131020653CA800CC55F0 /* Utillies */,
				1277D6B820630C3D003692E4 /* Model */,
				1277D6B720630C38003692E4 /* View */,
				1277D6B620630C30003692E4 /* Controller */,
				1277D6A420630519003692E4 /* AppDelegate.swift */,
				1277D6A820630519003692E4 /* Main.storyboard */,
				1277D6AB20630519003692E4 /* Assets.xcassets */,
				1277D6AD20630519003692E4 /* LaunchScreen.storyboard */,
				1277D6B020630519003692E4 /* Info.plist */,
				120BE5E2206939C500D6572D /* GoogleService-Info.plist */,
			);
			path = SocialApp;
			sourceTree = "<group>";
		};
		1277D6B620630C30003692E4 /* Controller */ = {
			isa = PBXGroup;
			children = (
				1277D6A620630519003692E4 /* SignInVC.swift */,
				120935DB206B038A002BF898 /* FeedVC.swift */,
			);
			path = Controller;
			sourceTree = "<group>";
		};
		1277D6B720630C38003692E4 /* View */ = {
			isa = PBXGroup;
			children = (
				1238130E20653CA100CC55F0 /* FencyView.swift */,
				123813132065454C00CC55F0 /* RoundButton.swift */,
				123813152065497C00CC55F0 /* fencyTextField.swift */,
				1238131720654B3A00CC55F0 /* FencyButton.swift */,
				12FDBBE6206BEF2500C69680 /* CIrcleView.swift */,
				1215671A206C4EDD0011FDF9 /* PostCell.swift */,
			);
			path = View;
			sourceTree = "<group>";
		};
		1277D6B820630C3D003692E4 /* Model */ = {
			isa = PBXGroup;
			children = (
				122AE19A206E91BC0061D3D8 /* Post.swift */,
			);
			path = Model;
			sourceTree = "<group>";
		};
		12D96B5F206D4DF300D45AF9 /* Services */ = {
			isa = PBXGroup;
			children = (
				12D96B62206D4E3F00D45AF9 /* DataServices.swift */,
			);
			path = Services;
			sourceTree = "<group>";
		};
		27A657BBBAD8031A46DFCE74 /* Frameworks */ = {
			isa = PBXGroup;
			children = (
				BAF1233DAEFED57256DD5A56 /* Pods_SocialApp.framework */,
			);
			name = Frameworks;
			sourceTree = "<group>";
		};
		F7C2D5F61F6C3B860BD93B87 /* Pods */ = {
			isa = PBXGroup;
			children = (
				A5EA75D4FFE79EDFC20889A1 /* Pods-SocialApp.debug.xcconfig */,
				3BEAC19806FCDD0E133599A1 /* Pods-SocialApp.release.xcconfig */,
			);
			name = Pods;
			sourceTree = "<group>";
		};
/* End PBXGroup section */

/* Begin PBXNativeTarget section */
		1277D6A020630519003692E4 /* SocialApp */ = {
			isa = PBXNativeTarget;
			buildConfigurationList = 1277D6B320630519003692E4 /* Build configuration list for PBXNativeTarget "SocialApp" */;
			buildPhases = (
				74FDCDAEC6E251F61304630A /* [CP] Check Pods Manifest.lock */,
				1277D69D20630519003692E4 /* Sources */,
				1277D69E20630519003692E4 /* Frameworks */,
				1277D69F20630519003692E4 /* Resources */,
				7B3C8CACB22F37EC108D4C7D /* [CP] Embed Pods Frameworks */,
				CCB48E1DEC090F68E896F943 /* [CP] Copy Pods Resources */,
			);
			buildRules = (
			);
			dependencies = (
			);
			name = SocialApp;
			productName = SocialApp;
			productReference = 1277D6A120630519003692E4 /* SocialApp.app */;
			productType = "com.apple.product-type.application";
		};
/* End PBXNativeTarget section */

/* Begin PBXProject section */
		1277D69920630519003692E4 /* Project object */ = {
			isa = PBXProject;
			attributes = {
				LastSwiftUpdateCheck = 0920;
				LastUpgradeCheck = 0920;
				ORGANIZATIONNAME = "A K M Saleh Sultan";
				TargetAttributes = {
					1277D6A020630519003692E4 = {
						CreatedOnToolsVersion = 9.2;
						ProvisioningStyle = Automatic;
						SystemCapabilities = {
							com.apple.Keychain = {
								enabled = 1;
							};
						};
					};
				};
			};
			buildConfigurationList = 1277D69C20630519003692E4 /* Build configuration list for PBXProject "SocialApp" */;
			compatibilityVersion = "Xcode 8.0";
			developmentRegion = en;
			hasScannedForEncodings = 0;
			knownRegions = (
				en,
				Base,
			);
			mainGroup = 1277D69820630519003692E4;
			productRefGroup = 1277D6A220630519003692E4 /* Products */;
			projectDirPath = "";
			projectRoot = "";
			targets = (
				1277D6A020630519003692E4 /* SocialApp */,
			);
		};
/* End PBXProject section */

/* Begin PBXResourcesBuildPhase section */
		1277D69F20630519003692E4 /* Resources */ = {
			isa = PBXResourcesBuildPhase;
			buildActionMask = 2147483647;
			files = (
				1277D6AF20630519003692E4 /* LaunchScreen.storyboard in Resources */,
				120BE5E3206939C500D6572D /* GoogleService-Info.plist in Resources */,
				1277D6AC20630519003692E4 /* Assets.xcassets in Resources */,
				1277D6AA20630519003692E4 /* Main.storyboard in Resources */,
			);
			runOnlyForDeploymentPostprocessing = 0;
		};
/* End PBXResourcesBuildPhase section */

/* Begin PBXShellScriptBuildPhase section */
		74FDCDAEC6E251F61304630A /* [CP] Check Pods Manifest.lock */ = {
			isa = PBXShellScriptBuildPhase;
			buildActionMask = 2147483647;
			files = (
			);
			inputPaths = (
				"${PODS_PODFILE_DIR_PATH}/Podfile.lock",
				"${PODS_ROOT}/Manifest.lock",
			);
			name = "[CP] Check Pods Manifest.lock";
			outputPaths = (
				"$(DERIVED_FILE_DIR)/Pods-SocialApp-checkManifestLockResult.txt",
			);
			runOnlyForDeploymentPostprocessing = 0;
			shellPath = /bin/sh;
			shellScript = "diff \"${PODS_PODFILE_DIR_PATH}/Podfile.lock\" \"${PODS_ROOT}/Manifest.lock\" > /dev/null\nif [ $? != 0 ] ; then\n    # print error to STDERR\n    echo \"error: The sandbox is not in sync with the Podfile.lock. Run 'pod install' or update your CocoaPods installation.\" >&2\n    exit 1\nfi\n# This output is used by Xcode 'outputs' to avoid re-running this script phase.\necho \"SUCCESS\" > \"${SCRIPT_OUTPUT_FILE_0}\"\n";
			showEnvVarsInLog = 0;
		};
		7B3C8CACB22F37EC108D4C7D /* [CP] Embed Pods Frameworks */ = {
			isa = PBXShellScriptBuildPhase;
			buildActionMask = 2147483647;
			files = (
			);
			inputPaths = (
				"${SRCROOT}/Pods/Target Support Files/Pods-SocialApp/Pods-SocialApp-frameworks.sh",
				"${BUILT_PRODUCTS_DIR}/Bolts/Bolts.framework",
				"${BUILT_PRODUCTS_DIR}/FBSDKCoreKit/FBSDKCoreKit.framework",
				"${BUILT_PRODUCTS_DIR}/FBSDKLoginKit/FBSDKLoginKit.framework",
				"${BUILT_PRODUCTS_DIR}/GTMSessionFetcher/GTMSessionFetcher.framework",
				"${BUILT_PRODUCTS_DIR}/GoogleToolboxForMac/GoogleToolboxForMac.framework",
				"${BUILT_PRODUCTS_DIR}/SwiftKeychainWrapper/SwiftKeychainWrapper.framework",
				"${BUILT_PRODUCTS_DIR}/leveldb-library/leveldb.framework",
				"${BUILT_PRODUCTS_DIR}/nanopb/nanopb.framework",
			);
			name = "[CP] Embed Pods Frameworks";
			outputPaths = (
				"${TARGET_BUILD_DIR}/${FRAMEWORKS_FOLDER_PATH}/Bolts.framework",
				"${TARGET_BUILD_DIR}/${FRAMEWORKS_FOLDER_PATH}/FBSDKCoreKit.framework",
				"${TARGET_BUILD_DIR}/${FRAMEWORKS_FOLDER_PATH}/FBSDKLoginKit.framework",
				"${TARGET_BUILD_DIR}/${FRAMEWORKS_FOLDER_PATH}/GTMSessionFetcher.framework",
				"${TARGET_BUILD_DIR}/${FRAMEWORKS_FOLDER_PATH}/GoogleToolboxForMac.framework",
				"${TARGET_BUILD_DIR}/${FRAMEWORKS_FOLDER_PATH}/SwiftKeychainWrapper.framework",
				"${TARGET_BUILD_DIR}/${FRAMEWORKS_FOLDER_PATH}/leveldb.framework",
				"${TARGET_BUILD_DIR}/${FRAMEWORKS_FOLDER_PATH}/nanopb.framework",
			);
			runOnlyForDeploymentPostprocessing = 0;
			shellPath = /bin/sh;
			shellScript = "\"${SRCROOT}/Pods/Target Support Files/Pods-SocialApp/Pods-SocialApp-frameworks.sh\"\n";
			showEnvVarsInLog = 0;
		};
		CCB48E1DEC090F68E896F943 /* [CP] Copy Pods Resources */ = {
			isa = PBXShellScriptBuildPhase;
			buildActionMask = 2147483647;
			files = (
			);
			inputPaths = (
			);
			name = "[CP] Copy Pods Resources";
			outputPaths = (
			);
			runOnlyForDeploymentPostprocessing = 0;
			shellPath = /bin/sh;
			shellScript = "\"${SRCROOT}/Pods/Target Support Files/Pods-SocialApp/Pods-SocialApp-resources.sh\"\n";
			showEnvVarsInLog = 0;
		};
/* End PBXShellScriptBuildPhase section */

/* Begin PBXSourcesBuildPhase section */
		1277D69D20630519003692E4 /* Sources */ = {
			isa = PBXSourcesBuildPhase;
			buildActionMask = 2147483647;
			files = (
				1277D6A720630519003692E4 /* SignInVC.swift in Sources */,
				123813142065454C00CC55F0 /* RoundButton.swift in Sources */,
				1238130F20653CA100CC55F0 /* FencyView.swift in Sources */,
				122AE19B206E91BC0061D3D8 /* Post.swift in Sources */,
				123813162065497C00CC55F0 /* fencyTextField.swift in Sources */,
				120935DC206B038A002BF898 /* FeedVC.swift in Sources */,
				12D96B63206D4E3F00D45AF9 /* DataServices.swift in Sources */,
				1238131820654B3A00CC55F0 /* FencyButton.swift in Sources */,
				1238131220653CBE00CC55F0 /* Constans.swift in Sources */,
				12FDBBE7206BEF2500C69680 /* CIrcleView.swift in Sources */,
				1277D6A520630519003692E4 /* AppDelegate.swift in Sources */,
				1215671B206C4EDD0011FDF9 /* PostCell.swift in Sources */,
			);
			runOnlyForDeploymentPostprocessing = 0;
		};
/* End PBXSourcesBuildPhase section */

/* Begin PBXVariantGroup section */
		1277D6A820630519003692E4 /* Main.storyboard */ = {
			isa = PBXVariantGroup;
			children = (
				1277D6A920630519003692E4 /* Base */,
			);
			name = Main.storyboard;
			sourceTree = "<group>";
		};
		1277D6AD20630519003692E4 /* LaunchScreen.storyboard */ = {
			isa = PBXVariantGroup;
			children = (
				1277D6AE20630519003692E4 /* Base */,
			);
			name = LaunchScreen.storyboard;
			sourceTree = "<group>";
		};
/* End PBXVariantGroup section */

/* Begin XCBuildConfiguration section */
		1277D6B120630519003692E4 /* Debug */ = {
			isa = XCBuildConfiguration;
			buildSettings = {
				ALWAYS_SEARCH_USER_PATHS = NO;
				CLANG_ANALYZER_NONNULL = YES;
				CLANG_ANALYZER_NUMBER_OBJECT_CONVERSION = YES_AGGRESSIVE;
				CLANG_CXX_LANGUAGE_STANDARD = "gnu++14";
				CLANG_CXX_LIBRARY = "libc++";
				CLANG_ENABLE_MODULES = YES;
				CLANG_ENABLE_OBJC_ARC = YES;
				CLANG_WARN_BLOCK_CAPTURE_AUTORELEASING = YES;
				CLANG_WARN_BOOL_CONVERSION = YES;
				CLANG_WARN_COMMA = YES;
				CLANG_WARN_CONSTANT_CONVERSION = YES;
				CLANG_WARN_DIRECT_OBJC_ISA_USAGE = YES_ERROR;
				CLANG_WARN_DOCUMENTATION_COMMENTS = YES;
				CLANG_WARN_EMPTY_BODY = YES;
				CLANG_WARN_ENUM_CONVERSION = YES;
				CLANG_WARN_INFINITE_RECURSION = YES;
				CLANG_WARN_INT_CONVERSION = YES;
				CLANG_WARN_NON_LITERAL_NULL_CONVERSION = YES;
				CLANG_WARN_OBJC_LITERAL_CONVERSION = YES;
				CLANG_WARN_OBJC_ROOT_CLASS = YES_ERROR;
				CLANG_WARN_RANGE_LOOP_ANALYSIS = YES;
				CLANG_WARN_STRICT_PROTOTYPES = YES;
				CLANG_WARN_SUSPICIOUS_MOVE = YES;
				CLANG_WARN_UNGUARDED_AVAILABILITY = YES_AGGRESSIVE;
				CLANG_WARN_UNREACHABLE_CODE = YES;
				CLANG_WARN__DUPLICATE_METHOD_MATCH = YES;
				CODE_SIGN_IDENTITY = "iPhone Developer";
				COPY_PHASE_STRIP = NO;
				DEBUG_INFORMATION_FORMAT = dwarf;
				ENABLE_STRICT_OBJC_MSGSEND = YES;
				ENABLE_TESTABILITY = YES;
				GCC_C_LANGUAGE_STANDARD = gnu11;
				GCC_DYNAMIC_NO_PIC = NO;
				GCC_NO_COMMON_BLOCKS = YES;
				GCC_OPTIMIZATION_LEVEL = 0;
				GCC_PREPROCESSOR_DEFINITIONS = (
					"DEBUG=1",
					"$(inherited)",
				);
				GCC_WARN_64_TO_32_BIT_CONVERSION = YES;
				GCC_WARN_ABOUT_RETURN_TYPE = YES_ERROR;
				GCC_WARN_UNDECLARED_SELECTOR = YES;
				GCC_WARN_UNINITIALIZED_AUTOS = YES_AGGRESSIVE;
				GCC_WARN_UNUSED_FUNCTION = YES;
				GCC_WARN_UNUSED_VARIABLE = YES;
				IPHONEOS_DEPLOYMENT_TARGET = 11.2;
				MTL_ENABLE_DEBUG_INFO = YES;
				ONLY_ACTIVE_ARCH = YES;
				SDKROOT = iphoneos;
				SWIFT_ACTIVE_COMPILATION_CONDITIONS = DEBUG;
				SWIFT_OPTIMIZATION_LEVEL = "-Onone";
			};
			name = Debug;
		};
		1277D6B220630519003692E4 /* Release */ = {
			isa = XCBuildConfiguration;
			buildSettings = {
				ALWAYS_SEARCH_USER_PATHS = NO;
				CLANG_ANALYZER_NONNULL = YES;
				CLANG_ANALYZER_NUMBER_OBJECT_CONVERSION = YES_AGGRESSIVE;
				CLANG_CXX_LANGUAGE_STANDARD = "gnu++14";
				CLANG_CXX_LIBRARY = "libc++";
				CLANG_ENABLE_MODULES = YES;
				CLANG_ENABLE_OBJC_ARC = YES;
				CLANG_WARN_BLOCK_CAPTURE_AUTORELEASING = YES;
				CLANG_WARN_BOOL_CONVERSION = YES;
				CLANG_WARN_COMMA = YES;
				CLANG_WARN_CONSTANT_CONVERSION = YES;
				CLANG_WARN_DIRECT_OBJC_ISA_USAGE = YES_ERROR;
				CLANG_WARN_DOCUMENTATION_COMMENTS = YES;
				CLANG_WARN_EMPTY_BODY = YES;
				CLANG_WARN_ENUM_CONVERSION = YES;
				CLANG_WARN_INFINITE_RECURSION = YES;
				CLANG_WARN_INT_CONVERSION = YES;
				CLANG_WARN_NON_LITERAL_NULL_CONVERSION = YES;
				CLANG_WARN_OBJC_LITERAL_CONVERSION = YES;
				CLANG_WARN_OBJC_ROOT_CLASS = YES_ERROR;
				CLANG_WARN_RANGE_LOOP_ANALYSIS = YES;
				CLANG_WARN_STRICT_PROTOTYPES = YES;
				CLANG_WARN_SUSPICIOUS_MOVE = YES;
				CLANG_WARN_UNGUARDED_AVAILABILITY = YES_AGGRESSIVE;
				CLANG_WARN_UNREACHABLE_CODE = YES;
				CLANG_WARN__DUPLICATE_METHOD_MATCH = YES;
				CODE_SIGN_IDENTITY = "iPhone Developer";
				COPY_PHASE_STRIP = NO;
				DEBUG_INFORMATION_FORMAT = "dwarf-with-dsym";
				ENABLE_NS_ASSERTIONS = NO;
				ENABLE_STRICT_OBJC_MSGSEND = YES;
				GCC_C_LANGUAGE_STANDARD = gnu11;
				GCC_NO_COMMON_BLOCKS = YES;
				GCC_WARN_64_TO_32_BIT_CONVERSION = YES;
				GCC_WARN_ABOUT_RETURN_TYPE = YES_ERROR;
				GCC_WARN_UNDECLARED_SELECTOR = YES;
				GCC_WARN_UNINITIALIZED_AUTOS = YES_AGGRESSIVE;
				GCC_WARN_UNUSED_FUNCTION = YES;
				GCC_WARN_UNUSED_VARIABLE = YES;
				IPHONEOS_DEPLOYMENT_TARGET = 11.2;
				MTL_ENABLE_DEBUG_INFO = NO;
				SDKROOT = iphoneos;
				SWIFT_OPTIMIZATION_LEVEL = "-Owholemodule";
				VALIDATE_PRODUCT = YES;
			};
			name = Release;
		};
		1277D6B420630519003692E4 /* Debug */ = {
			isa = XCBuildConfiguration;
			baseConfigurationReference = A5EA75D4FFE79EDFC20889A1 /* Pods-SocialApp.debug.xcconfig */;
			buildSettings = {
				ASSETCATALOG_COMPILER_APPICON_NAME = AppIcon;
				CODE_SIGN_ENTITLEMENTS = SocialApp/SocialApp.entitlements;
				CODE_SIGN_STYLE = Automatic;
				DEVELOPMENT_TEAM = FLGL8YTCUV;
				INFOPLIST_FILE = SocialApp/Info.plist;
				LD_RUNPATH_SEARCH_PATHS = "$(inherited) @executable_path/Frameworks";
				PRODUCT_BUNDLE_IDENTIFIER = com.memoriesalive.SocialApp;
				PRODUCT_NAME = "$(TARGET_NAME)";
				SWIFT_VERSION = 4.0;
				TARGETED_DEVICE_FAMILY = "1,2";
			};
			name = Debug;
		};
		1277D6B520630519003692E4 /* Release */ = {
			isa = XCBuildConfiguration;
			baseConfigurationReference = 3BEAC19806FCDD0E133599A1 /* Pods-SocialApp.release.xcconfig */;
			buildSettings = {
				ASSETCATALOG_COMPILER_APPICON_NAME = AppIcon;
				CODE_SIGN_ENTITLEMENTS = SocialApp/SocialApp.entitlements;
				CODE_SIGN_STYLE = Automatic;
				DEVELOPMENT_TEAM = FLGL8YTCUV;
				INFOPLIST_FILE = SocialApp/Info.plist;
				LD_RUNPATH_SEARCH_PATHS = "$(inherited) @executable_path/Frameworks";
				PRODUCT_BUNDLE_IDENTIFIER = com.memoriesalive.SocialApp;
				PRODUCT_NAME = "$(TARGET_NAME)";
				SWIFT_VERSION = 4.0;
				TARGETED_DEVICE_FAMILY = "1,2";
			};
			name = Release;
		};
/* End XCBuildConfiguration section */

/* Begin XCConfigurationList section */
		1277D69C20630519003692E4 /* Build configuration list for PBXProject "SocialApp" */ = {
			isa = XCConfigurationList;
			buildConfigurations = (
				1277D6B120630519003692E4 /* Debug */,
				1277D6B220630519003692E4 /* Release */,
			);
			defaultConfigurationIsVisible = 0;
			defaultConfigurationName = Release;
		};
		1277D6B320630519003692E4 /* Build configuration list for PBXNativeTarget "SocialApp" */ = {
			isa = XCConfigurationList;
			buildConfigurations = (
				1277D6B420630519003692E4 /* Debug */,
				1277D6B520630519003692E4 /* Release */,
			);
			defaultConfigurationIsVisible = 0;
			defaultConfigurationName = Release;
		};
/* End XCConfigurationList section */
	};
	rootObject = 1277D69920630519003692E4 /* Project object */;
}
